
Microsoft Visual Studio Solution File, Format Version 10.00
# Visual Studio 2008
Project("{FAE04EC0-301F-11D3-BF4B-00C04F79EFBC}") = "StockTicker", "StockTicker\StockTicker.csproj", "{5D279830-5017-4E34-B76E-2BB73571B4C6}"
EndProject
Global
	GlobalSection(SolutionConfigurationPlatforms) = preSolution
		Debug|Any CPU = Debug|Any CPU
		Release|Any CPU = Release|Any CPU
	EndGlobalSection
	GlobalSection(ProjectConfigurationPlatforms) = postSolution
		{5D279830-5017-4E34-B76E-2BB73571B4C6}.Debug|Any CPU.ActiveCfg = Debug|Any CPU
		{5D279830-5017-4E34-B76E-2BB73571B4C6}.Debug|Any CPU.Build.0 = Debug|Any CPU
		{5D279830-5017-4E34-B76E-2BB73571B4C6}.Release|Any CPU.ActiveCfg = Release|Any CPU
		{5D279830-5017-4E34-B76E-2BB73571B4C6}.Release|Any CPU.Build.0 = Release|Any CPU
	EndGlobalSection
	GlobalSection(SolutionProperties) = preSolution
		HideSolutionNode = FALSE
	EndGlobalSection
	GlobalSection(ExtensibilityGlobals) = postSolution
		VisualSVNWorkingCopyRoot = .
	EndGlobalSection
EndGlobal
